
Microsoft Visual Studio Solution File, Format Version 12.00
# Visual Studio 15
VisualStudioVersion = 15.0.26730.10
MinimumVisualStudioVersion = 10.0.40219.1
Project("{FAE04EC0-301F-11D3-BF4B-00C04F79EFBC}") = "TicTacToe", "TicTacToe\TicTacToe.csproj", "{B1354A88-67EB-4D28-97CE-8F97730A2297}"
EndProject
Global
	GlobalSection(SolutionConfigurationPlatforms) = preSolution
		Debug|Any CPU = Debug|Any CPU
		Release|Any CPU = Release|Any CPU
	EndGlobalSection
	GlobalSection(ProjectConfigurationPlatforms) = postSolution
		{B1354A88-67EB-4D28-97CE-8F97730A2297}.Debug|Any CPU.ActiveCfg = Debug|Any CPU
		{B1354A88-67EB-4D28-97CE-8F97730A2297}.Debug|Any CPU.Build.0 = Debug|Any CPU
		{B1354A88-67EB-4D28-97CE-8F97730A2297}.Release|Any CPU.ActiveCfg = Release|Any CPU
		{B1354A88-67EB-4D28-97CE-8F97730A2297}.Release|Any CPU.Build.0 = Release|Any CPU
	EndGlobalSection
	GlobalSection(SolutionProperties) = preSolution
		HideSolutionNode = FALSE
	EndGlobalSection
	GlobalSection(ExtensibilityGlobals) = postSolution
		SolutionGuid = {54066F53-3DDF-4FC2-A384-E70E233283EB}
	EndGlobalSection
EndGlobal
